// !$*UTF8*$!
{
	archiveVersion = 1;
	classes = {
	};
	objectVersion = 50;
	objects = {

/* Begin PBXBuildFile section */
		3D1030B9212C2BAF00A9DFE0 /* AppDelegate.swift in Sources */ = {isa = PBXBuildFile; fileRef = 3D1030B8212C2BAF00A9DFE0 /* AppDelegate.swift */; };
		3D1030BE212C2BAF00A9DFE0 /* Main.storyboard in Resources */ = {isa = PBXBuildFile; fileRef = 3D1030BC212C2BAF00A9DFE0 /* Main.storyboard */; };
		3D1030C0212C2BB700A9DFE0 /* Assets.xcassets in Resources */ = {isa = PBXBuildFile; fileRef = 3D1030BF212C2BB700A9DFE0 /* Assets.xcassets */; };
		3D1030C3212C2BB700A9DFE0 /* LaunchScreen.storyboard in Resources */ = {isa = PBXBuildFile; fileRef = 3D1030C1212C2BB700A9DFE0 /* LaunchScreen.storyboard */; };
		3D1030CB212C2BCB00A9DFE0 /* CoreDataStack.swift in Sources */ = {isa = PBXBuildFile; fileRef = 3D1030CA212C2BCB00A9DFE0 /* CoreDataStack.swift */; };
		3D1030CE212C324400A9DFE0 /* TodoList.xcdatamodeld in Sources */ = {isa = PBXBuildFile; fileRef = 3D1030CC212C324400A9DFE0 /* TodoList.xcdatamodeld */; };
		3D1030D0212C33D200A9DFE0 /* TodoListController.swift in Sources */ = {isa = PBXBuildFile; fileRef = 3D1030CF212C33D200A9DFE0 /* TodoListController.swift */; };
		3D1030D2212C34AB00A9DFE0 /* AddTaskController.swift in Sources */ = {isa = PBXBuildFile; fileRef = 3D1030D1212C34AB00A9DFE0 /* AddTaskController.swift */; };
		3D1030D5212C360F00A9DFE0 /* Item+CoreDataClass.swift in Sources */ = {isa = PBXBuildFile; fileRef = 3D1030D3212C360F00A9DFE0 /* Item+CoreDataClass.swift */; };
		3D1030D6212C360F00A9DFE0 /* Item+CoreDataProperties.swift in Sources */ = {isa = PBXBuildFile; fileRef = 3D1030D4212C360F00A9DFE0 /* Item+CoreDataProperties.swift */; };
		3D922D46212C495A00AB1179 /* TodoFetchedResultsController.swift in Sources */ = {isa = PBXBuildFile; fileRef = 3D922D45212C495A00AB1179 /* TodoFetchedResultsController.swift */; };
		3D922D4A212C4EB600AB1179 /* DetailViewController.swift in Sources */ = {isa = PBXBuildFile; fileRef = 3D922D49212C4EB600AB1179 /* DetailViewController.swift */; };
		3D922D4C212C570600AB1179 /* DataSource.swift in Sources */ = {isa = PBXBuildFile; fileRef = 3D922D4B212C570600AB1179 /* DataSource.swift */; };
/* End PBXBuildFile section */

/* Begin PBXFileReference section */
		3D1030B5212C2BAF00A9DFE0 /* TodoList.app */ = {isa = PBXFileReference; explicitFileType = wrapper.application; includeInIndex = 0; path = TodoList.app; sourceTree = BUILT_PRODUCTS_DIR; };
		3D1030B8212C2BAF00A9DFE0 /* AppDelegate.swift */ = {isa = PBXFileReference; lastKnownFileType = sourcecode.swift; path = AppDelegate.swift; sourceTree = "<group>"; };
		3D1030BD212C2BAF00A9DFE0 /* Base */ = {isa = PBXFileReference; lastKnownFileType = file.storyboard; name = Base; path = Base.lproj/Main.storyboard; sourceTree = "<group>"; };
		3D1030BF212C2BB700A9DFE0 /* Assets.xcassets */ = {isa = PBXFileReference; lastKnownFileType = folder.assetcatalog; path = Assets.xcassets; sourceTree = "<group>"; };
		3D1030C2212C2BB700A9DFE0 /* Base */ = {isa = PBXFileReference; lastKnownFileType = file.storyboard; name = Base; path = Base.lproj/LaunchScreen.storyboard; sourceTree = "<group>"; };
		3D1030C4212C2BB700A9DFE0 /* Info.plist */ = {isa = PBXFileReference; lastKnownFileType = text.plist.xml; path = Info.plist; sourceTree = "<group>"; };
		3D1030CA212C2BCB00A9DFE0 /* CoreDataStack.swift */ = {isa = PBXFileReference; lastKnownFileType = sourcecode.swift; path = CoreDataStack.swift; sourceTree = "<group>"; };
		3D1030CD212C324400A9DFE0 /* TodoList.xcdatamodel */ = {isa = PBXFileReference; lastKnownFileType = wrapper.xcdatamodel; path = TodoList.xcdatamodel; sourceTree = "<group>"; };
		3D1030CF212C33D200A9DFE0 /* TodoListController.swift */ = {isa = PBXFileReference; lastKnownFileType = sourcecode.swift; path = TodoListController.swift; sourceTree = "<group>"; };
		3D1030D1212C34AB00A9DFE0 /* AddTaskController.swift */ = {isa = PBXFileReference; lastKnownFileType = sourcecode.swift; path = AddTaskController.swift; sourceTree = "<group>"; };
		3D1030D3212C360F00A9DFE0 /* Item+CoreDataClass.swift */ = {isa = PBXFileReference; lastKnownFileType = sourcecode.swift; path = "Item+CoreDataClass.swift"; sourceTree = "<group>"; };
		3D1030D4212C360F00A9DFE0 /* Item+CoreDataProperties.swift */ = {isa = PBXFileReference; lastKnownFileType = sourcecode.swift; path = "Item+CoreDataProperties.swift"; sourceTree = "<group>"; };
		3D922D45212C495A00AB1179 /* TodoFetchedResultsController.swift */ = {isa = PBXFileReference; lastKnownFileType = sourcecode.swift; path = TodoFetchedResultsController.swift; sourceTree = "<group>"; };
		3D922D49212C4EB600AB1179 /* DetailViewController.swift */ = {isa = PBXFileReference; lastKnownFileType = sourcecode.swift; path = DetailViewController.swift; sourceTree = "<group>"; };
		3D922D4B212C570600AB1179 /* DataSource.swift */ = {isa = PBXFileReference; lastKnownFileType = sourcecode.swift; path = DataSource.swift; sourceTree = "<group>"; };
/* End PBXFileReference section */

/* Begin PBXFrameworksBuildPhase section */
		3D1030B2212C2BAF00A9DFE0 /* Frameworks */ = {
			isa = PBXFrameworksBuildPhase;
			buildActionMask = 2147483647;
			files = (
			);
			runOnlyForDeploymentPostprocessing = 0;
		};
/* End PBXFrameworksBuildPhase section */

/* Begin PBXGroup section */
		3D1030AC212C2BAF00A9DFE0 = {
			isa = PBXGroup;
			children = (
				3D1030B7212C2BAF00A9DFE0 /* TodoList */,
				3D1030B6212C2BAF00A9DFE0 /* Products */,
			);
			sourceTree = "<group>";
		};
		3D1030B6212C2BAF00A9DFE0 /* Products */ = {
			isa = PBXGroup;
			children = (
				3D1030B5212C2BAF00A9DFE0 /* TodoList.app */,
			);
			name = Products;
			sourceTree = "<group>";
		};
		3D1030B7212C2BAF00A9DFE0 /* TodoList */ = {
			isa = PBXGroup;
			children = (
				3D1030CA212C2BCB00A9DFE0 /* CoreDataStack.swift */,
				3D1030B8212C2BAF00A9DFE0 /* AppDelegate.swift */,
				3D1030BC212C2BAF00A9DFE0 /* Main.storyboard */,
				3D1030BF212C2BB700A9DFE0 /* Assets.xcassets */,
				3D1030C1212C2BB700A9DFE0 /* LaunchScreen.storyboard */,
				3D1030C4212C2BB700A9DFE0 /* Info.plist */,
				3D1030CC212C324400A9DFE0 /* TodoList.xcdatamodeld */,
				3D1030CF212C33D200A9DFE0 /* TodoListController.swift */,
				3D1030D3212C360F00A9DFE0 /* Item+CoreDataClass.swift */,
				3D1030D4212C360F00A9DFE0 /* Item+CoreDataProperties.swift */,
				3D1030D1212C34AB00A9DFE0 /* AddTaskController.swift */,
				3D922D45212C495A00AB1179 /* TodoFetchedResultsController.swift */,
				3D922D49212C4EB600AB1179 /* DetailViewController.swift */,
				3D922D4B212C570600AB1179 /* DataSource.swift */,
			);
			path = TodoList;
			sourceTree = "<group>";
		};
/* End PBXGroup section */

/* Begin PBXNativeTarget section */
		3D1030B4212C2BAF00A9DFE0 /* TodoList */ = {
			isa = PBXNativeTarget;
			buildConfigurationList = 3D1030C7212C2BB700A9DFE0 /* Build configuration list for PBXNativeTarget "TodoList" */;
			buildPhases = (
				3D1030B1212C2BAF00A9DFE0 /* Sources */,
				3D1030B2212C2BAF00A9DFE0 /* Frameworks */,
				3D1030B3212C2BAF00A9DFE0 /* Resources */,
			);
			buildRules = (
			);
			dependencies = (
			);
			name = TodoList;
			productName = TodoList;
			productReference = 3D1030B5212C2BAF00A9DFE0 /* TodoList.app */;
			productType = "com.apple.product-type.application";
		};
/* End PBXNativeTarget section */

/* Begin PBXProject section */
		3D1030AD212C2BAF00A9DFE0 /* Project object */ = {
			isa = PBXProject;
			attributes = {
				LastSwiftUpdateCheck = 0940;
				LastUpgradeCheck = 0940;
				ORGANIZATIONNAME = "Serényi  Zsófia";
				TargetAttributes = {
					3D1030B4212C2BAF00A9DFE0 = {
						CreatedOnToolsVersion = 9.4.1;
					};
				};
			};
			buildConfigurationList = 3D1030B0212C2BAF00A9DFE0 /* Build configuration list for PBXProject "TodoList" */;
			compatibilityVersion = "Xcode 9.3";
			developmentRegion = en;
			hasScannedForEncodings = 0;
			knownRegions = (
				en,
				Base,
			);
			mainGroup = 3D1030AC212C2BAF00A9DFE0;
			productRefGroup = 3D1030B6212C2BAF00A9DFE0 /* Products */;
			projectDirPath = "";
			projectRoot = "";
			targets = (
				3D1030B4212C2BAF00A9DFE0 /* TodoList */,
			);
		};
/* End PBXProject section */

/* Begin PBXResourcesBuildPhase section */
		3D1030B3212C2BAF00A9DFE0 /* Resources */ = {
			isa = PBXResourcesBuildPhase;
			buildActionMask = 2147483647;
			files = (
				3D1030C3212C2BB700A9DFE0 /* LaunchScreen.storyboard in Resources */,
				3D1030C0212C2BB700A9DFE0 /* Assets.xcassets in Resources */,
				3D1030BE212C2BAF00A9DFE0 /* Main.storyboard in Resources */,
			);
			runOnlyForDeploymentPostprocessing = 0;
		};
/* End PBXResourcesBuildPhase section */

/* Begin PBXSourcesBuildPhase section */
		3D1030B1212C2BAF00A9DFE0 /* Sources */ = {
			isa = PBXSourcesBuildPhase;
			buildActionMask = 2147483647;
			files = (
				3D922D4A212C4EB600AB1179 /* DetailViewController.swift in Sources */,
				3D1030D6212C360F00A9DFE0 /* Item+CoreDataProperties.swift in Sources */,
				3D1030D5212C360F00A9DFE0 /* Item+CoreDataClass.swift in Sources */,
				3D1030D0212C33D200A9DFE0 /* TodoListController.swift in Sources */,
				3D1030D2212C34AB00A9DFE0 /* AddTaskController.swift in Sources */,
				3D922D46212C495A00AB1179 /* TodoFetchedResultsController.swift in Sources */,
				3D1030CB212C2BCB00A9DFE0 /* CoreDataStack.swift in Sources */,
				3D1030B9212C2BAF00A9DFE0 /* AppDelegate.swift in Sources */,
				3D922D4C212C570600AB1179 /* DataSource.swift in Sources */,
				3D1030CE212C324400A9DFE0 /* TodoList.xcdatamodeld in Sources */,
			);
			runOnlyForDeploymentPostprocessing = 0;
		};
/* End PBXSourcesBuildPhase section */

/* Begin PBXVariantGroup section */
		3D1030BC212C2BAF00A9DFE0 /* Main.storyboard */ = {
			isa = PBXVariantGroup;
			children = (
				3D1030BD212C2BAF00A9DFE0 /* Base */,
			);
			name = Main.storyboard;
			sourceTree = "<group>";
		};
		3D1030C1212C2BB700A9DFE0 /* LaunchScreen.storyboard */ = {
			isa = PBXVariantGroup;
			children = (
				3D1030C2212C2BB700A9DFE0 /* Base */,
			);
			name = LaunchScreen.storyboard;
			sourceTree = "<group>";
		};
/* End PBXVariantGroup section */

/* Begin XCBuildConfiguration section */
		3D1030C5212C2BB700A9DFE0 /* Debug */ = {
			isa = XCBuildConfiguration;
			buildSettings = {
				ALWAYS_SEARCH_USER_PATHS = NO;
				CLANG_ANALYZER_NONNULL = YES;
				CLANG_ANALYZER_NUMBER_OBJECT_CONVERSION = YES_AGGRESSIVE;
				CLANG_CXX_LANGUAGE_STANDARD = "gnu++14";
				CLANG_CXX_LIBRARY = "libc++";
				CLANG_ENABLE_MODULES = YES;
				CLANG_ENABLE_OBJC_ARC = YES;
				CLANG_ENABLE_OBJC_WEAK = YES;
				CLANG_WARN_BLOCK_CAPTURE_AUTORELEASING = YES;
				CLANG_WARN_BOOL_CONVERSION = YES;
				CLANG_WARN_COMMA = YES;
				CLANG_WARN_CONSTANT_CONVERSION = YES;
				CLANG_WARN_DEPRECATED_OBJC_IMPLEMENTATIONS = YES;
				CLANG_WARN_DIRECT_OBJC_ISA_USAGE = YES_ERROR;
				CLANG_WARN_DOCUMENTATION_COMMENTS = YES;
				CLANG_WARN_EMPTY_BODY = YES;
				CLANG_WARN_ENUM_CONVERSION = YES;
				CLANG_WARN_INFINITE_RECURSION = YES;
				CLANG_WARN_INT_CONVERSION = YES;
				CLANG_WARN_NON_LITERAL_NULL_CONVERSION = YES;
				CLANG_WARN_OBJC_IMPLICIT_RETAIN_SELF = YES;
				CLANG_WARN_OBJC_LITERAL_CONVERSION = YES;
				CLANG_WARN_OBJC_ROOT_CLASS = YES_ERROR;
				CLANG_WARN_RANGE_LOOP_ANALYSIS = YES;
				CLANG_WARN_STRICT_PROTOTYPES = YES;
				CLANG_WARN_SUSPICIOUS_MOVE = YES;
				CLANG_WARN_UNGUARDED_AVAILABILITY = YES_AGGRESSIVE;
				CLANG_WARN_UNREACHABLE_CODE = YES;
				CLANG_WARN__DUPLICATE_METHOD_MATCH = YES;
				CODE_SIGN_IDENTITY = "iPhone Developer";
				COPY_PHASE_STRIP = NO;
				DEBUG_INFORMATION_FORMAT = dwarf;
				ENABLE_STRICT_OBJC_MSGSEND = YES;
				ENABLE_TESTABILITY = YES;
				GCC_C_LANGUAGE_STANDARD = gnu11;
				GCC_DYNAMIC_NO_PIC = NO;
				GCC_NO_COMMON_BLOCKS = YES;
				GCC_OPTIMIZATION_LEVEL = 0;
				GCC_PREPROCESSOR_DEFINITIONS = (
					"DEBUG=1",
					"$(inherited)",
				);
				GCC_WARN_64_TO_32_BIT_CONVERSION = YES;
				GCC_WARN_ABOUT_RETURN_TYPE = YES_ERROR;
				GCC_WARN_UNDECLARED_SELECTOR = YES;
				GCC_WARN_UNINITIALIZED_AUTOS = YES_AGGRESSIVE;
				GCC_WARN_UNUSED_FUNCTION = YES;
				GCC_WARN_UNUSED_VARIABLE = YES;
				IPHONEOS_DEPLOYMENT_TARGET = 11.4;
				MTL_ENABLE_DEBUG_INFO = YES;
				ONLY_ACTIVE_ARCH = YES;
				SDKROOT = iphoneos;
				SWIFT_ACTIVE_COMPILATION_CONDITIONS = DEBUG;
				SWIFT_OPTIMIZATION_LEVEL = "-Onone";
			};
			name = Debug;
		};
		3D1030C6212C2BB700A9DFE0 /* Release */ = {
			isa = XCBuildConfiguration;
			buildSettings = {
				ALWAYS_SEARCH_USER_PATHS = NO;
				CLANG_ANALYZER_NONNULL = YES;
				CLANG_ANALYZER_NUMBER_OBJECT_CONVERSION = YES_AGGRESSIVE;
				CLANG_CXX_LANGUAGE_STANDARD = "gnu++14";
				CLANG_CXX_LIBRARY = "libc++";
				CLANG_ENABLE_MODULES = YES;
				CLANG_ENABLE_OBJC_ARC = YES;
				CLANG_ENABLE_OBJC_WEAK = YES;
				CLANG_WARN_BLOCK_CAPTURE_AUTORELEASING = YES;
				CLANG_WARN_BOOL_CONVERSION = YES;
				CLANG_WARN_COMMA = YES;
				CLANG_WARN_CONSTANT_CONVERSION = YES;
				CLANG_WARN_DEPRECATED_OBJC_IMPLEMENTATIONS = YES;
				CLANG_WARN_DIRECT_OBJC_ISA_USAGE = YES_ERROR;
				CLANG_WARN_DOCUMENTATION_COMMENTS = YES;
				CLANG_WARN_EMPTY_BODY = YES;
				CLANG_WARN_ENUM_CONVERSION = YES;
				CLANG_WARN_INFINITE_RECURSION = YES;
				CLANG_WARN_INT_CONVERSION = YES;
				CLANG_WARN_NON_LITERAL_NULL_CONVERSION = YES;
				CLANG_WARN_OBJC_IMPLICIT_RETAIN_SELF = YES;
				CLANG_WARN_OBJC_LITERAL_CONVERSION = YES;
				CLANG_WARN_OBJC_ROOT_CLASS = YES_ERROR;
				CLANG_WARN_RANGE_LOOP_ANALYSIS = YES;
				CLANG_WARN_STRICT_PROTOTYPES = YES;
				CLANG_WARN_SUSPICIOUS_MOVE = YES;
				CLANG_WARN_UNGUARDED_AVAILABILITY = YES_AGGRESSIVE;
				CLANG_WARN_UNREACHABLE_CODE = YES;
				CLANG_WARN__DUPLICATE_METHOD_MATCH = YES;
				CODE_SIGN_IDENTITY = "iPhone Developer";
				COPY_PHASE_STRIP = NO;
				DEBUG_INFORMATION_FORMAT = "dwarf-with-dsym";
				ENABLE_NS_ASSERTIONS = NO;
				ENABLE_STRICT_OBJC_MSGSEND = YES;
				GCC_C_LANGUAGE_STANDARD = gnu11;
				GCC_NO_COMMON_BLOCKS = YES;
				GCC_WARN_64_TO_32_BIT_CONVERSION = YES;
				GCC_WARN_ABOUT_RETURN_TYPE = YES_ERROR;
				GCC_WARN_UNDECLARED_SELECTOR = YES;
				GCC_WARN_UNINITIALIZED_AUTOS = YES_AGGRESSIVE;
				GCC_WARN_UNUSED_FUNCTION = YES;
				GCC_WARN_UNUSED_VARIABLE = YES;
				IPHONEOS_DEPLOYMENT_TARGET = 11.4;
				MTL_ENABLE_DEBUG_INFO = NO;
				SDKROOT = iphoneos;
				SWIFT_COMPILATION_MODE = wholemodule;
				SWIFT_OPTIMIZATION_LEVEL = "-O";
				VALIDATE_PRODUCT = YES;
			};
			name = Release;
		};
		3D1030C8212C2BB700A9DFE0 /* Debug */ = {
			isa = XCBuildConfiguration;
			buildSettings = {
				ASSETCATALOG_COMPILER_APPICON_NAME = AppIcon;
				CODE_SIGN_STYLE = Automatic;
				INFOPLIST_FILE = TodoList/Info.plist;
				LD_RUNPATH_SEARCH_PATHS = (
					"$(inherited)",
					"@executable_path/Frameworks",
				);
				PRODUCT_BUNDLE_IDENTIFIER = com.teamtreehouse.TodoList;
				PRODUCT_NAME = "$(TARGET_NAME)";
				SWIFT_VERSION = 4.0;
				TARGETED_DEVICE_FAMILY = "1,2";
			};
			name = Debug;
		};
		3D1030C9212C2BB700A9DFE0 /* Release */ = {
			isa = XCBuildConfiguration;
			buildSettings = {
				ASSETCATALOG_COMPILER_APPICON_NAME = AppIcon;
				CODE_SIGN_STYLE = Automatic;
				INFOPLIST_FILE = TodoList/Info.plist;
				LD_RUNPATH_SEARCH_PATHS = (
					"$(inherited)",
					"@executable_path/Frameworks",
				);
				PRODUCT_BUNDLE_IDENTIFIER = com.teamtreehouse.TodoList;
				PRODUCT_NAME = "$(TARGET_NAME)";
				SWIFT_VERSION = 4.0;
				TARGETED_DEVICE_FAMILY = "1,2";
			};
			name = Release;
		};
/* End XCBuildConfiguration section */

/* Begin XCConfigurationList section */
		3D1030B0212C2BAF00A9DFE0 /* Build configuration list for PBXProject "TodoList" */ = {
			isa = XCConfigurationList;
			buildConfigurations = (
				3D1030C5212C2BB700A9DFE0 /* Debug */,
				3D1030C6212C2BB700A9DFE0 /* Release */,
			);
			defaultConfigurationIsVisible = 0;
			defaultConfigurationName = Release;
		};
		3D1030C7212C2BB700A9DFE0 /* Build configuration list for PBXNativeTarget "TodoList" */ = {
			isa = XCConfigurationList;
			buildConfigurations = (
				3D1030C8212C2BB700A9DFE0 /* Debug */,
				3D1030C9212C2BB700A9DFE0 /* Release */,
			);
			defaultConfigurationIsVisible = 0;
			defaultConfigurationName = Release;
		};
/* End XCConfigurationList section */

/* Begin XCVersionGroup section */
		3D1030CC212C324400A9DFE0 /* TodoList.xcdatamodeld */ = {
			isa = XCVersionGroup;
			children = (
				3D1030CD212C324400A9DFE0 /* TodoList.xcdatamodel */,
			);
			currentVersion = 3D1030CD212C324400A9DFE0 /* TodoList.xcdatamodel */;
			path = TodoList.xcdatamodeld;
			sourceTree = "<group>";
			versionGroupType = wrapper.xcdatamodel;
		};
/* End XCVersionGroup section */
	};
	rootObject = 3D1030AD212C2BAF00A9DFE0 /* Project object */;
}
